
Microsoft Visual Studio Solution File, Format Version 12.00
# Visual Studio 15
VisualStudioVersion = 15.0.28010.2050
MinimumVisualStudioVersion = 10.0.40219.1
Project("{FAE04EC0-301F-11D3-BF4B-00C04F79EFBC}") = "BulanikMantik", "BulanikMantik\BulanikMantik.csproj", "{10AE908F-9F3D-41BC-AF1E-45ACD582A6C6}"
EndProject
Global
	GlobalSection(SolutionConfigurationPlatforms) = preSolution
		Debug|Any CPU = Debug|Any CPU
		Release|Any CPU = Release|Any CPU
	EndGlobalSection
	GlobalSection(ProjectConfigurationPlatforms) = postSolution
		{10AE908F-9F3D-41BC-AF1E-45ACD582A6C6}.Debug|Any CPU.ActiveCfg = Debug|Any CPU
		{10AE908F-9F3D-41BC-AF1E-45ACD582A6C6}.Debug|Any CPU.Build.0 = Debug|Any CPU
		{10AE908F-9F3D-41BC-AF1E-45ACD582A6C6}.Release|Any CPU.ActiveCfg = Release|Any CPU
		{10AE908F-9F3D-41BC-AF1E-45ACD582A6C6}.Release|Any CPU.Build.0 = Release|Any CPU
	EndGlobalSection
	GlobalSection(SolutionProperties) = preSolution
		HideSolutionNode = FALSE
	EndGlobalSection
	GlobalSection(ExtensibilityGlobals) = postSolution
		SolutionGuid = {7FE9E9A7-C94D-4553-A879-C9A70EFFE1BB}
	EndGlobalSection
EndGlobal
